
Microsoft Visual Studio Solution File, Format Version 12.00
# Visual Studio Version 16
VisualStudioVersion = 16.0.32413.511
MinimumVisualStudioVersion = 10.0.40219.1
Project("{9A19103F-16F7-4668-BE54-9A1E7A4F7556}") = "Kae.IoT.PnP.Generator", "Kae.IoT.PnP.Generator\Kae.IoT.PnP.Generator.csproj", "{047C8A10-CB97-475E-AC34-276E9087113F}"
EndProject
Project("{9A19103F-16F7-4668-BE54-9A1E7A4F7556}") = "Kae.IoT.Tools.IoTAppGenerator", "Kae.IoT.Tools.IoTAppGenerator\Kae.IoT.Tools.IoTAppGenerator.csproj", "{DFEAB93C-F31F-48C7-862D-50C76D01511D}"
EndProject
Global
	GlobalSection(SolutionConfigurationPlatforms) = preSolution
		Debug|Any CPU = Debug|Any CPU
		Release|Any CPU = Release|Any CPU
	EndGlobalSection
	GlobalSection(ProjectConfigurationPlatforms) = postSolution
		{047C8A10-CB97-475E-AC34-276E9087113F}.Debug|Any CPU.ActiveCfg = Debug|Any CPU
		{047C8A10-CB97-475E-AC34-276E9087113F}.Debug|Any CPU.Build.0 = Debug|Any CPU
		{047C8A10-CB97-475E-AC34-276E9087113F}.Release|Any CPU.ActiveCfg = Release|Any CPU
		{047C8A10-CB97-475E-AC34-276E9087113F}.Release|Any CPU.Build.0 = Release|Any CPU
		{DFEAB93C-F31F-48C7-862D-50C76D01511D}.Debug|Any CPU.ActiveCfg = Debug|Any CPU
		{DFEAB93C-F31F-48C7-862D-50C76D01511D}.Debug|Any CPU.Build.0 = Debug|Any CPU
		{DFEAB93C-F31F-48C7-862D-50C76D01511D}.Release|Any CPU.ActiveCfg = Release|Any CPU
		{DFEAB93C-F31F-48C7-862D-50C76D01511D}.Release|Any CPU.Build.0 = Release|Any CPU
	EndGlobalSection
	GlobalSection(SolutionProperties) = preSolution
		HideSolutionNode = FALSE
	EndGlobalSection
	GlobalSection(ExtensibilityGlobals) = postSolution
		SolutionGuid = {0935A3B2-1728-42B3-8B1A-EA5A68CDBE26}
	EndGlobalSection
EndGlobal
